{
    "_meta": {
        "hash": {
            "sha256": "1dd7ad5edb6b0c680ad49fcb56ab9a5a91cfc64ff88931da4b80af92127634e3"
        },
        "pipfile-spec": 6,
        "requires": {
            "python_version": "2.7"
        },
        "sources": [
            {
                "name": "pypi",
                "url": "https://pypi.org/simple",
                "verify_ssl": true
            }
        ]
    },
    "default": {
        "empy": {
            "hashes": [
                "sha256:73ac49785b601479df4ea18a7c79bc1304a8a7c34c02b9472cf1206ae88f01b3"
            ],
            "index": "pypi",
            "version": "==3.3.4"
        },
        "future": {
            "hashes": [
                "sha256:b1bead90b70cf6ec3f0710ae53a525360fa360d306a86583adc6bf83a4db537d"
            ],
            "index": "pypi",
            "version": "==0.18.2"
        }
    },
    "develop": {}
}
